
Microsoft Visual Studio Solution File, Format Version 12.00
# Visual Studio 2013
VisualStudioVersion = 12.0.21005.1
MinimumVisualStudioVersion = 10.0.40219.1
Project("{FAE04EC0-301F-11D3-BF4B-00C04F79EFBC}") = "AppVuelos", "AppVuelos\AppVuelos.csproj", "{AEBE617B-76A0-4B30-8E84-6E5F9D2141DC}"
EndProject
Global
	GlobalSection(SolutionConfigurationPlatforms) = preSolution
		Debug|Any CPU = Debug|Any CPU
		Release|Any CPU = Release|Any CPU
	EndGlobalSection
	GlobalSection(ProjectConfigurationPlatforms) = postSolution
		{AEBE617B-76A0-4B30-8E84-6E5F9D2141DC}.Debug|Any CPU.ActiveCfg = Debug|Any CPU
		{AEBE617B-76A0-4B30-8E84-6E5F9D2141DC}.Debug|Any CPU.Build.0 = Debug|Any CPU
		{AEBE617B-76A0-4B30-8E84-6E5F9D2141DC}.Release|Any CPU.ActiveCfg = Release|Any CPU
		{AEBE617B-76A0-4B30-8E84-6E5F9D2141DC}.Release|Any CPU.Build.0 = Release|Any CPU
	EndGlobalSection
	GlobalSection(SolutionProperties) = preSolution
		HideSolutionNode = FALSE
	EndGlobalSection
EndGlobal
